
Microsoft Visual Studio Solution File, Format Version 12.00
# Visual Studio Version 16
VisualStudioVersion = 16.0.31321.278
MinimumVisualStudioVersion = 10.0.40219.1
Project("{FAE04EC0-301F-11D3-BF4B-00C04F79EFBC}") = "QUANLYNHAHANG", "QUANLYNHAHANG\QUANLYNHAHANG.csproj", "{3B486DCB-5518-4098-A20D-143E0B419EDF}"
EndProject
Project("{FAE04EC0-301F-11D3-BF4B-00C04F79EFBC}") = "QUANLYNHAHANG.Tests", "QUANLYNHAHANG.Tests\QUANLYNHAHANG.Tests.csproj", "{E79F737E-694B-468D-B7E1-5BDCDFB0746A}"
EndProject
Global
	GlobalSection(SolutionConfigurationPlatforms) = preSolution
		Debug|Any CPU = Debug|Any CPU
		Release|Any CPU = Release|Any CPU
	EndGlobalSection
	GlobalSection(ProjectConfigurationPlatforms) = postSolution
		{3B486DCB-5518-4098-A20D-143E0B419EDF}.Debug|Any CPU.ActiveCfg = Debug|Any CPU
		{3B486DCB-5518-4098-A20D-143E0B419EDF}.Debug|Any CPU.Build.0 = Debug|Any CPU
		{3B486DCB-5518-4098-A20D-143E0B419EDF}.Release|Any CPU.ActiveCfg = Release|Any CPU
		{3B486DCB-5518-4098-A20D-143E0B419EDF}.Release|Any CPU.Build.0 = Release|Any CPU
		{E79F737E-694B-468D-B7E1-5BDCDFB0746A}.Debug|Any CPU.ActiveCfg = Debug|Any CPU
		{E79F737E-694B-468D-B7E1-5BDCDFB0746A}.Debug|Any CPU.Build.0 = Debug|Any CPU
		{E79F737E-694B-468D-B7E1-5BDCDFB0746A}.Release|Any CPU.ActiveCfg = Release|Any CPU
		{E79F737E-694B-468D-B7E1-5BDCDFB0746A}.Release|Any CPU.Build.0 = Release|Any CPU
	EndGlobalSection
	GlobalSection(SolutionProperties) = preSolution
		HideSolutionNode = FALSE
	EndGlobalSection
	GlobalSection(ExtensibilityGlobals) = postSolution
		SolutionGuid = {0B1912AA-852E-4817-9622-9B874AF80D00}
	EndGlobalSection
EndGlobal
